
Microsoft Visual Studio Solution File, Format Version 12.00
# Visual Studio Version 16
VisualStudioVersion = 16.0.29123.88
MinimumVisualStudioVersion = 10.0.40219.1
Project("{9A19103F-16F7-4668-BE54-9A1E7A4F7556}") = "ApiForum", "ApiForum.csproj", "{89E20875-A6C7-472F-BF25-9B1B39E09B69}"
EndProject
Project("{FAE04EC0-301F-11D3-BF4B-00C04F79EFBC}") = "Model", "..\Model\Model.csproj", "{49D877EA-4C2E-464D-BB2E-7510DD0E078C}"
EndProject
Project("{FAE04EC0-301F-11D3-BF4B-00C04F79EFBC}") = "Core", "..\Core\Core.csproj", "{7588AB39-F89D-41C6-AD67-E1EB974FF45D}"
EndProject
Global
	GlobalSection(SolutionConfigurationPlatforms) = preSolution
		Debug|Any CPU = Debug|Any CPU
		Release|Any CPU = Release|Any CPU
	EndGlobalSection
	GlobalSection(ProjectConfigurationPlatforms) = postSolution
		{89E20875-A6C7-472F-BF25-9B1B39E09B69}.Debug|Any CPU.ActiveCfg = Debug|Any CPU
		{89E20875-A6C7-472F-BF25-9B1B39E09B69}.Debug|Any CPU.Build.0 = Debug|Any CPU
		{89E20875-A6C7-472F-BF25-9B1B39E09B69}.Release|Any CPU.ActiveCfg = Release|Any CPU
		{89E20875-A6C7-472F-BF25-9B1B39E09B69}.Release|Any CPU.Build.0 = Release|Any CPU
		{49D877EA-4C2E-464D-BB2E-7510DD0E078C}.Debug|Any CPU.ActiveCfg = Debug|Any CPU
		{49D877EA-4C2E-464D-BB2E-7510DD0E078C}.Debug|Any CPU.Build.0 = Debug|Any CPU
		{49D877EA-4C2E-464D-BB2E-7510DD0E078C}.Release|Any CPU.ActiveCfg = Release|Any CPU
		{49D877EA-4C2E-464D-BB2E-7510DD0E078C}.Release|Any CPU.Build.0 = Release|Any CPU
		{7588AB39-F89D-41C6-AD67-E1EB974FF45D}.Debug|Any CPU.ActiveCfg = Debug|Any CPU
		{7588AB39-F89D-41C6-AD67-E1EB974FF45D}.Debug|Any CPU.Build.0 = Debug|Any CPU
		{7588AB39-F89D-41C6-AD67-E1EB974FF45D}.Release|Any CPU.ActiveCfg = Release|Any CPU
		{7588AB39-F89D-41C6-AD67-E1EB974FF45D}.Release|Any CPU.Build.0 = Release|Any CPU
	EndGlobalSection
	GlobalSection(SolutionProperties) = preSolution
		HideSolutionNode = FALSE
	EndGlobalSection
	GlobalSection(ExtensibilityGlobals) = postSolution
		SolutionGuid = {9CFEE021-6621-4A94-96F3-C1143AF61560}
	EndGlobalSection
EndGlobal
